
Microsoft Visual Studio Solution File, Format Version 12.00
# Visual Studio Version 16
VisualStudioVersion = 16.0.29009.5
MinimumVisualStudioVersion = 10.0.40219.1
Project("{8BC9CEB8-8B4A-11D0-8D11-00A0C91BC942}") = "Project22", "Project22\Project22.vcxproj", "{F12713A2-69E1-4DD7-98F9-B67957FE2C19}"
EndProject
Global
	GlobalSection(SolutionConfigurationPlatforms) = preSolution
		Debug|x64 = Debug|x64
		Debug|x86 = Debug|x86
		Release|x64 = Release|x64
		Release|x86 = Release|x86
	EndGlobalSection
	GlobalSection(ProjectConfigurationPlatforms) = postSolution
		{F12713A2-69E1-4DD7-98F9-B67957FE2C19}.Debug|x64.ActiveCfg = Debug|x64
		{F12713A2-69E1-4DD7-98F9-B67957FE2C19}.Debug|x64.Build.0 = Debug|x64
		{F12713A2-69E1-4DD7-98F9-B67957FE2C19}.Debug|x86.ActiveCfg = Debug|Win32
		{F12713A2-69E1-4DD7-98F9-B67957FE2C19}.Debug|x86.Build.0 = Debug|Win32
		{F12713A2-69E1-4DD7-98F9-B67957FE2C19}.Release|x64.ActiveCfg = Release|x64
		{F12713A2-69E1-4DD7-98F9-B67957FE2C19}.Release|x64.Build.0 = Release|x64
		{F12713A2-69E1-4DD7-98F9-B67957FE2C19}.Release|x86.ActiveCfg = Release|Win32
		{F12713A2-69E1-4DD7-98F9-B67957FE2C19}.Release|x86.Build.0 = Release|Win32
	EndGlobalSection
	GlobalSection(SolutionProperties) = preSolution
		HideSolutionNode = FALSE
	EndGlobalSection
	GlobalSection(ExtensibilityGlobals) = postSolution
		SolutionGuid = {C26F55D4-6CB0-4AFA-A532-CDC0DC1DE833}
	EndGlobalSection
EndGlobal
